schema: '2.0'
stages:
  filter:
    cmd: python3 src/filter.py
    deps:
    - path: data/data.csv
      md5: 0c80e44006ff212fabf7fa1abd90cc86
      size: 11266
    - path: src/filter.py
      md5: 8020bbc76f4c65c1006d3fb3540fb7a1
      size: 739
    params:
      parameters/params.yaml:
        filter.value: -10
    outs:
    - path: output/filter/out.csv
      md5: 621e4ab5adf60a0f5a67fd55e9546145
      size: 11743
  training:
    cmd: python3 src/training.py output/filter
    deps:
    - path: output/filter/out.csv
      md5: 621e4ab5adf60a0f5a67fd55e9546145
      size: 11743
    - path: src/training.py
      md5: 4d7a51f2ec595382124a0160d2f1306c
      size: 1598
    params:
      parameters/params.yaml:
        training.num_rows: 100
    outs:
    - path: output/model/trained_model.sav
      md5: ab3526fc6ec64a060085e64f7a541b2e
      size: 502
    - path: output/training/out.csv
      md5: b4d86b7e42faf19229156fcf0a11aa17
      size: 19
  evaluate:
    cmd: python3 src/evaluate.py
    deps:
    - path: output/filter/out.csv
      md5: 621e4ab5adf60a0f5a67fd55e9546145
      size: 11743
    - path: output/model/trained_model.sav
      md5: ab3526fc6ec64a060085e64f7a541b2e
      size: 502
    - path: src/evaluate.py
      md5: 5cebafba980ffb67908daa612817ca42
      size: 1372
    params:
      parameters/params.yaml:
        training.p1: 2
        training.p2: 2
    outs:
    - path: output/metrics/metric.json
      md5: 11766caff71542bb67ce3292e3e9b73a
      size: 66
